
Microsoft Visual Studio Solution File, Format Version 12.00
# Visual Studio Version 17
VisualStudioVersion = 17.0.31903.59
MinimumVisualStudioVersion = 10.0.40219.1
Project("{2150E333-8FDC-42A3-9474-1A3956D46DE8}") = "src", "src", "{827E0CD3-B72D-47B6-A68D-7590B98EB39B}"
EndProject
Project("{FAE04EC0-301F-11D3-BF4B-00C04F79EFBC}") = "PortSentinel.Domain", "src\PortSentinel.Domain\PortSentinel.Domain.csproj", "{20B4D146-A340-4E10-A91E-E3459A1ABB5C}"
EndProject
Project("{FAE04EC0-301F-11D3-BF4B-00C04F79EFBC}") = "PortSentinel.Contracts", "src\PortSentinel.Contracts\PortSentinel.Contracts.csproj", "{DFB884C3-FDF0-4941-9E96-545F3C6F3CB6}"
EndProject
Project("{FAE04EC0-301F-11D3-BF4B-00C04F79EFBC}") = "PortSentinel.Application", "src\PortSentinel.Application\PortSentinel.Application.csproj", "{5A397D6B-F138-4617-9FFC-4A30BD2ED9EF}"
EndProject
Project("{FAE04EC0-301F-11D3-BF4B-00C04F79EFBC}") = "PortSentinel.Infrastructure", "src\PortSentinel.Infrastructure\PortSentinel.Infrastructure.csproj", "{07F38079-AE1C-4AFE-ABC3-CBB03D3CB5C8}"
EndProject
Project("{FAE04EC0-301F-11D3-BF4B-00C04F79EFBC}") = "PortSentinel.Service", "src\PortSentinel.Service\PortSentinel.Service.csproj", "{3C37F12A-F9C1-4999-B576-39EED9B84B2B}"
EndProject
Project("{FAE04EC0-301F-11D3-BF4B-00C04F79EFBC}") = "PortSentinel.Desktop", "src\PortSentinel.Desktop\PortSentinel.Desktop.csproj", "{4B49AE19-70C4-46AA-893F-C58EC7608932}"
EndProject
Project("{2150E333-8FDC-42A3-9474-1A3956D46DE8}") = "tests", "tests", "{0AB3BF05-4346-4AA6-1389-037BE0695223}"
EndProject
Project("{FAE04EC0-301F-11D3-BF4B-00C04F79EFBC}") = "PortSentinel.UnitTests", "tests\PortSentinel.UnitTests\PortSentinel.UnitTests.csproj", "{711AF301-5733-4C5E-9BCF-45CD57B4C8D8}"
EndProject
Project("{FAE04EC0-301F-11D3-BF4B-00C04F79EFBC}") = "PortSentinel.IntegrationTests", "tests\PortSentinel.IntegrationTests\PortSentinel.IntegrationTests.csproj", "{C67AA450-AB7D-4F53-B1F6-D715EF145B49}"
EndProject
Global
	GlobalSection(SolutionConfigurationPlatforms) = preSolution
		Debug|Any CPU = Debug|Any CPU
		Debug|x64 = Debug|x64
		Debug|x86 = Debug|x86
		Release|Any CPU = Release|Any CPU
		Release|x64 = Release|x64
		Release|x86 = Release|x86
	EndGlobalSection
	GlobalSection(ProjectConfigurationPlatforms) = postSolution
		{20B4D146-A340-4E10-A91E-E3459A1ABB5C}.Debug|Any CPU.ActiveCfg = Debug|Any CPU
		{20B4D146-A340-4E10-A91E-E3459A1ABB5C}.Debug|Any CPU.Build.0 = Debug|Any CPU
		{20B4D146-A340-4E10-A91E-E3459A1ABB5C}.Debug|x64.ActiveCfg = Debug|Any CPU
		{20B4D146-A340-4E10-A91E-E3459A1ABB5C}.Debug|x64.Build.0 = Debug|Any CPU
		{20B4D146-A340-4E10-A91E-E3459A1ABB5C}.Debug|x86.ActiveCfg = Debug|Any CPU
		{20B4D146-A340-4E10-A91E-E3459A1ABB5C}.Debug|x86.Build.0 = Debug|Any CPU
		{20B4D146-A340-4E10-A91E-E3459A1ABB5C}.Release|Any CPU.ActiveCfg = Release|Any CPU
		{20B4D146-A340-4E10-A91E-E3459A1ABB5C}.Release|Any CPU.Build.0 = Release|Any CPU
		{20B4D146-A340-4E10-A91E-E3459A1ABB5C}.Release|x64.ActiveCfg = Release|Any CPU
		{20B4D146-A340-4E10-A91E-E3459A1ABB5C}.Release|x64.Build.0 = Release|Any CPU
		{20B4D146-A340-4E10-A91E-E3459A1ABB5C}.Release|x86.ActiveCfg = Release|Any CPU
		{20B4D146-A340-4E10-A91E-E3459A1ABB5C}.Release|x86.Build.0 = Release|Any CPU
		{DFB884C3-FDF0-4941-9E96-545F3C6F3CB6}.Debug|Any CPU.ActiveCfg = Debug|Any CPU
		{DFB884C3-FDF0-4941-9E96-545F3C6F3CB6}.Debug|Any CPU.Build.0 = Debug|Any CPU
		{DFB884C3-FDF0-4941-9E96-545F3C6F3CB6}.Debug|x64.ActiveCfg = Debug|Any CPU
		{DFB884C3-FDF0-4941-9E96-545F3C6F3CB6}.Debug|x64.Build.0 = Debug|Any CPU
		{DFB884C3-FDF0-4941-9E96-545F3C6F3CB6}.Debug|x86.ActiveCfg = Debug|Any CPU
		{DFB884C3-FDF0-4941-9E96-545F3C6F3CB6}.Debug|x86.Build.0 = Debug|Any CPU
		{DFB884C3-FDF0-4941-9E96-545F3C6F3CB6}.Release|Any CPU.ActiveCfg = Release|Any CPU
		{DFB884C3-FDF0-4941-9E96-545F3C6F3CB6}.Release|Any CPU.Build.0 = Release|Any CPU
		{DFB884C3-FDF0-4941-9E96-545F3C6F3CB6}.Release|x64.ActiveCfg = Release|Any CPU
		{DFB884C3-FDF0-4941-9E96-545F3C6F3CB6}.Release|x64.Build.0 = Release|Any CPU
		{DFB884C3-FDF0-4941-9E96-545F3C6F3CB6}.Release|x86.ActiveCfg = Release|Any CPU
		{DFB884C3-FDF0-4941-9E96-545F3C6F3CB6}.Release|x86.Build.0 = Release|Any CPU
		{5A397D6B-F138-4617-9FFC-4A30BD2ED9EF}.Debug|Any CPU.ActiveCfg = Debug|Any CPU
		{5A397D6B-F138-4617-9FFC-4A30BD2ED9EF}.Debug|Any CPU.Build.0 = Debug|Any CPU
		{5A397D6B-F138-4617-9FFC-4A30BD2ED9EF}.Debug|x64.ActiveCfg = Debug|Any CPU
		{5A397D6B-F138-4617-9FFC-4A30BD2ED9EF}.Debug|x64.Build.0 = Debug|Any CPU
		{5A397D6B-F138-4617-9FFC-4A30BD2ED9EF}.Debug|x86.ActiveCfg = Debug|Any CPU
		{5A397D6B-F138-4617-9FFC-4A30BD2ED9EF}.Debug|x86.Build.0 = Debug|Any CPU
		{5A397D6B-F138-4617-9FFC-4A30BD2ED9EF}.Release|Any CPU.ActiveCfg = Release|Any CPU
		{5A397D6B-F138-4617-9FFC-4A30BD2ED9EF}.Release|Any CPU.Build.0 = Release|Any CPU
		{5A397D6B-F138-4617-9FFC-4A30BD2ED9EF}.Release|x64.ActiveCfg = Release|Any CPU
		{5A397D6B-F138-4617-9FFC-4A30BD2ED9EF}.Release|x64.Build.0 = Release|Any CPU
		{5A397D6B-F138-4617-9FFC-4A30BD2ED9EF}.Release|x86.ActiveCfg = Release|Any CPU
		{5A397D6B-F138-4617-9FFC-4A30BD2ED9EF}.Release|x86.Build.0 = Release|Any CPU
		{07F38079-AE1C-4AFE-ABC3-CBB03D3CB5C8}.Debug|Any CPU.ActiveCfg = Debug|Any CPU
		{07F38079-AE1C-4AFE-ABC3-CBB03D3CB5C8}.Debug|Any CPU.Build.0 = Debug|Any CPU
		{07F38079-AE1C-4AFE-ABC3-CBB03D3CB5C8}.Debug|x64.ActiveCfg = Debug|Any CPU
		{07F38079-AE1C-4AFE-ABC3-CBB03D3CB5C8}.Debug|x64.Build.0 = Debug|Any CPU
		{07F38079-AE1C-4AFE-ABC3-CBB03D3CB5C8}.Debug|x86.ActiveCfg = Debug|Any CPU
		{07F38079-AE1C-4AFE-ABC3-CBB03D3CB5C8}.Debug|x86.Build.0 = Debug|Any CPU
		{07F38079-AE1C-4AFE-ABC3-CBB03D3CB5C8}.Release|Any CPU.ActiveCfg = Release|Any CPU
		{07F38079-AE1C-4AFE-ABC3-CBB03D3CB5C8}.Release|Any CPU.Build.0 = Release|Any CPU
		{07F38079-AE1C-4AFE-ABC3-CBB03D3CB5C8}.Release|x64.ActiveCfg = Release|Any CPU
		{07F38079-AE1C-4AFE-ABC3-CBB03D3CB5C8}.Release|x64.Build.0 = Release|Any CPU
		{07F38079-AE1C-4AFE-ABC3-CBB03D3CB5C8}.Release|x86.ActiveCfg = Release|Any CPU
		{07F38079-AE1C-4AFE-ABC3-CBB03D3CB5C8}.Release|x86.Build.0 = Release|Any CPU
		{3C37F12A-F9C1-4999-B576-39EED9B84B2B}.Debug|Any CPU.ActiveCfg = Debug|Any CPU
		{3C37F12A-F9C1-4999-B576-39EED9B84B2B}.Debug|Any CPU.Build.0 = Debug|Any CPU
		{3C37F12A-F9C1-4999-B576-39EED9B84B2B}.Debug|x64.ActiveCfg = Debug|Any CPU
		{3C37F12A-F9C1-4999-B576-39EED9B84B2B}.Debug|x64.Build.0 = Debug|Any CPU
		{3C37F12A-F9C1-4999-B576-39EED9B84B2B}.Debug|x86.ActiveCfg = Debug|Any CPU
		{3C37F12A-F9C1-4999-B576-39EED9B84B2B}.Debug|x86.Build.0 = Debug|Any CPU
		{3C37F12A-F9C1-4999-B576-39EED9B84B2B}.Release|Any CPU.ActiveCfg = Release|Any CPU
		{3C37F12A-F9C1-4999-B576-39EED9B84B2B}.Release|Any CPU.Build.0 = Release|Any CPU
		{3C37F12A-F9C1-4999-B576-39EED9B84B2B}.Release|x64.ActiveCfg = Release|Any CPU
		{3C37F12A-F9C1-4999-B576-39EED9B84B2B}.Release|x64.Build.0 = Release|Any CPU
		{3C37F12A-F9C1-4999-B576-39EED9B84B2B}.Release|x86.ActiveCfg = Release|Any CPU
		{3C37F12A-F9C1-4999-B576-39EED9B84B2B}.Release|x86.Build.0 = Release|Any CPU
		{4B49AE19-70C4-46AA-893F-C58EC7608932}.Debug|Any CPU.ActiveCfg = Debug|Any CPU
		{4B49AE19-70C4-46AA-893F-C58EC7608932}.Debug|Any CPU.Build.0 = Debug|Any CPU
		{4B49AE19-70C4-46AA-893F-C58EC7608932}.Debug|x64.ActiveCfg = Debug|Any CPU
		{4B49AE19-70C4-46AA-893F-C58EC7608932}.Debug|x64.Build.0 = Debug|Any CPU
		{4B49AE19-70C4-46AA-893F-C58EC7608932}.Debug|x86.ActiveCfg = Debug|Any CPU
		{4B49AE19-70C4-46AA-893F-C58EC7608932}.Debug|x86.Build.0 = Debug|Any CPU
		{4B49AE19-70C4-46AA-893F-C58EC7608932}.Release|Any CPU.ActiveCfg = Release|Any CPU
		{4B49AE19-70C4-46AA-893F-C58EC7608932}.Release|Any CPU.Build.0 = Release|Any CPU
		{4B49AE19-70C4-46AA-893F-C58EC7608932}.Release|x64.ActiveCfg = Release|Any CPU
		{4B49AE19-70C4-46AA-893F-C58EC7608932}.Release|x64.Build.0 = Release|Any CPU
		{4B49AE19-70C4-46AA-893F-C58EC7608932}.Release|x86.ActiveCfg = Release|Any CPU
		{4B49AE19-70C4-46AA-893F-C58EC7608932}.Release|x86.Build.0 = Release|Any CPU
		{711AF301-5733-4C5E-9BCF-45CD57B4C8D8}.Debug|Any CPU.ActiveCfg = Debug|Any CPU
		{711AF301-5733-4C5E-9BCF-45CD57B4C8D8}.Debug|Any CPU.Build.0 = Debug|Any CPU
		{711AF301-5733-4C5E-9BCF-45CD57B4C8D8}.Debug|x64.ActiveCfg = Debug|Any CPU
		{711AF301-5733-4C5E-9BCF-45CD57B4C8D8}.Debug|x64.Build.0 = Debug|Any CPU
		{711AF301-5733-4C5E-9BCF-45CD57B4C8D8}.Debug|x86.ActiveCfg = Debug|Any CPU
		{711AF301-5733-4C5E-9BCF-45CD57B4C8D8}.Debug|x86.Build.0 = Debug|Any CPU
		{711AF301-5733-4C5E-9BCF-45CD57B4C8D8}.Release|Any CPU.ActiveCfg = Release|Any CPU
		{711AF301-5733-4C5E-9BCF-45CD57B4C8D8}.Release|Any CPU.Build.0 = Release|Any CPU
		{711AF301-5733-4C5E-9BCF-45CD57B4C8D8}.Release|x64.ActiveCfg = Release|Any CPU
		{711AF301-5733-4C5E-9BCF-45CD57B4C8D8}.Release|x64.Build.0 = Release|Any CPU
		{711AF301-5733-4C5E-9BCF-45CD57B4C8D8}.Release|x86.ActiveCfg = Release|Any CPU
		{711AF301-5733-4C5E-9BCF-45CD57B4C8D8}.Release|x86.Build.0 = Release|Any CPU
		{C67AA450-AB7D-4F53-B1F6-D715EF145B49}.Debug|Any CPU.ActiveCfg = Debug|Any CPU
		{C67AA450-AB7D-4F53-B1F6-D715EF145B49}.Debug|Any CPU.Build.0 = Debug|Any CPU
		{C67AA450-AB7D-4F53-B1F6-D715EF145B49}.Debug|x64.ActiveCfg = Debug|Any CPU
		{C67AA450-AB7D-4F53-B1F6-D715EF145B49}.Debug|x64.Build.0 = Debug|Any CPU
		{C67AA450-AB7D-4F53-B1F6-D715EF145B49}.Debug|x86.ActiveCfg = Debug|Any CPU
		{C67AA450-AB7D-4F53-B1F6-D715EF145B49}.Debug|x86.Build.0 = Debug|Any CPU
		{C67AA450-AB7D-4F53-B1F6-D715EF145B49}.Release|Any CPU.ActiveCfg = Release|Any CPU
		{C67AA450-AB7D-4F53-B1F6-D715EF145B49}.Release|Any CPU.Build.0 = Release|Any CPU
		{C67AA450-AB7D-4F53-B1F6-D715EF145B49}.Release|x64.ActiveCfg = Release|Any CPU
		{C67AA450-AB7D-4F53-B1F6-D715EF145B49}.Release|x64.Build.0 = Release|Any CPU
		{C67AA450-AB7D-4F53-B1F6-D715EF145B49}.Release|x86.ActiveCfg = Release|Any CPU
		{C67AA450-AB7D-4F53-B1F6-D715EF145B49}.Release|x86.Build.0 = Release|Any CPU
	EndGlobalSection
	GlobalSection(SolutionProperties) = preSolution
		HideSolutionNode = FALSE
	EndGlobalSection
	GlobalSection(NestedProjects) = preSolution
		{20B4D146-A340-4E10-A91E-E3459A1ABB5C} = {827E0CD3-B72D-47B6-A68D-7590B98EB39B}
		{DFB884C3-FDF0-4941-9E96-545F3C6F3CB6} = {827E0CD3-B72D-47B6-A68D-7590B98EB39B}
		{5A397D6B-F138-4617-9FFC-4A30BD2ED9EF} = {827E0CD3-B72D-47B6-A68D-7590B98EB39B}
		{07F38079-AE1C-4AFE-ABC3-CBB03D3CB5C8} = {827E0CD3-B72D-47B6-A68D-7590B98EB39B}
		{3C37F12A-F9C1-4999-B576-39EED9B84B2B} = {827E0CD3-B72D-47B6-A68D-7590B98EB39B}
		{4B49AE19-70C4-46AA-893F-C58EC7608932} = {827E0CD3-B72D-47B6-A68D-7590B98EB39B}
		{711AF301-5733-4C5E-9BCF-45CD57B4C8D8} = {0AB3BF05-4346-4AA6-1389-037BE0695223}
		{C67AA450-AB7D-4F53-B1F6-D715EF145B49} = {0AB3BF05-4346-4AA6-1389-037BE0695223}
	EndGlobalSection
EndGlobal
